
Microsoft Visual Studio Solution File, Format Version 12.00
# Visual Studio Version 16
VisualStudioVersion = 16.0.29806.167
MinimumVisualStudioVersion = 10.0.40219.1
Project("{9A19103F-16F7-4668-BE54-9A1E7A4F7556}") = "CompareTheTriplets", "CompareTheTriplets\CompareTheTriplets.csproj", "{120F812F-E867-4A1D-A0CB-BB100E79C55D}"
EndProject
Project("{9A19103F-16F7-4668-BE54-9A1E7A4F7556}") = "AVeryBigSum", "AVeryBigSum\AVeryBigSum.csproj", "{827D33AC-9972-47D9-8F4B-A08B77CFD84B}"
EndProject
Project("{9A19103F-16F7-4668-BE54-9A1E7A4F7556}") = "DiagonalDifference", "DiagonalDifference\DiagonalDifference.csproj", "{CFBBB23D-90BD-45E9-AA71-FFB332EA6801}"
EndProject
Project("{FAE04EC0-301F-11D3-BF4B-00C04F79EFBC}") = "PlusMinus", "PlusMinus\PlusMinus.csproj", "{F1B5896A-6678-433E-B69B-C11243A0483E}"
EndProject
Project("{FAE04EC0-301F-11D3-BF4B-00C04F79EFBC}") = "Staircase", "Staircase\Staircase.csproj", "{1F88605F-2D7D-4F10-B76B-70C968A04FF6}"
EndProject
Project("{2150E333-8FDC-42A3-9474-1A3956D46DE8}") = "1-Easy", "1-Easy", "{D348D5E7-16A9-40FA-8ED8-AC0D9F18D166}"
EndProject
Project("{2150E333-8FDC-42A3-9474-1A3956D46DE8}") = "2-Medium", "2-Medium", "{D714C171-51F5-4E1D-8526-122F07BED6C5}"
EndProject
Project("{2150E333-8FDC-42A3-9474-1A3956D46DE8}") = "3-Hard", "3-Hard", "{92B45391-16D1-4529-BA48-FA226DF8A2C6}"
EndProject
Global
	GlobalSection(SolutionConfigurationPlatforms) = preSolution
		Debug|Any CPU = Debug|Any CPU
		Release|Any CPU = Release|Any CPU
	EndGlobalSection
	GlobalSection(ProjectConfigurationPlatforms) = postSolution
		{120F812F-E867-4A1D-A0CB-BB100E79C55D}.Debug|Any CPU.ActiveCfg = Debug|Any CPU
		{120F812F-E867-4A1D-A0CB-BB100E79C55D}.Debug|Any CPU.Build.0 = Debug|Any CPU
		{120F812F-E867-4A1D-A0CB-BB100E79C55D}.Release|Any CPU.ActiveCfg = Release|Any CPU
		{120F812F-E867-4A1D-A0CB-BB100E79C55D}.Release|Any CPU.Build.0 = Release|Any CPU
		{827D33AC-9972-47D9-8F4B-A08B77CFD84B}.Debug|Any CPU.ActiveCfg = Debug|Any CPU
		{827D33AC-9972-47D9-8F4B-A08B77CFD84B}.Debug|Any CPU.Build.0 = Debug|Any CPU
		{827D33AC-9972-47D9-8F4B-A08B77CFD84B}.Release|Any CPU.ActiveCfg = Release|Any CPU
		{827D33AC-9972-47D9-8F4B-A08B77CFD84B}.Release|Any CPU.Build.0 = Release|Any CPU
		{CFBBB23D-90BD-45E9-AA71-FFB332EA6801}.Debug|Any CPU.ActiveCfg = Debug|Any CPU
		{CFBBB23D-90BD-45E9-AA71-FFB332EA6801}.Debug|Any CPU.Build.0 = Debug|Any CPU
		{CFBBB23D-90BD-45E9-AA71-FFB332EA6801}.Release|Any CPU.ActiveCfg = Release|Any CPU
		{CFBBB23D-90BD-45E9-AA71-FFB332EA6801}.Release|Any CPU.Build.0 = Release|Any CPU
		{F1B5896A-6678-433E-B69B-C11243A0483E}.Debug|Any CPU.ActiveCfg = Debug|Any CPU
		{F1B5896A-6678-433E-B69B-C11243A0483E}.Debug|Any CPU.Build.0 = Debug|Any CPU
		{F1B5896A-6678-433E-B69B-C11243A0483E}.Release|Any CPU.ActiveCfg = Release|Any CPU
		{F1B5896A-6678-433E-B69B-C11243A0483E}.Release|Any CPU.Build.0 = Release|Any CPU
		{1F88605F-2D7D-4F10-B76B-70C968A04FF6}.Debug|Any CPU.ActiveCfg = Debug|Any CPU
		{1F88605F-2D7D-4F10-B76B-70C968A04FF6}.Debug|Any CPU.Build.0 = Debug|Any CPU
		{1F88605F-2D7D-4F10-B76B-70C968A04FF6}.Release|Any CPU.ActiveCfg = Release|Any CPU
		{1F88605F-2D7D-4F10-B76B-70C968A04FF6}.Release|Any CPU.Build.0 = Release|Any CPU
	EndGlobalSection
	GlobalSection(SolutionProperties) = preSolution
		HideSolutionNode = FALSE
	EndGlobalSection
	GlobalSection(NestedProjects) = preSolution
		{120F812F-E867-4A1D-A0CB-BB100E79C55D} = {D348D5E7-16A9-40FA-8ED8-AC0D9F18D166}
		{827D33AC-9972-47D9-8F4B-A08B77CFD84B} = {D348D5E7-16A9-40FA-8ED8-AC0D9F18D166}
		{CFBBB23D-90BD-45E9-AA71-FFB332EA6801} = {D348D5E7-16A9-40FA-8ED8-AC0D9F18D166}
		{F1B5896A-6678-433E-B69B-C11243A0483E} = {D348D5E7-16A9-40FA-8ED8-AC0D9F18D166}
		{1F88605F-2D7D-4F10-B76B-70C968A04FF6} = {D348D5E7-16A9-40FA-8ED8-AC0D9F18D166}
	EndGlobalSection
	GlobalSection(ExtensibilityGlobals) = postSolution
		SolutionGuid = {77FB4FA8-A22D-44DB-9688-9A9C98647E31}
	EndGlobalSection
EndGlobal
